
Microsoft Visual Studio Solution File, Format Version 12.00
# Visual Studio Version 17
VisualStudioVersion = 17.11.35327.3
MinimumVisualStudioVersion = 10.0.40219.1
Project("{8BC9CEB8-8B4A-11D0-8D11-00A0C91BC942}") = "Sandbox", "Sandbox\Sandbox.vcxproj", "{C8203624-5FF5-4482-8D31-57656E4D9E2C}"
EndProject
Project("{8BC9CEB8-8B4A-11D0-8D11-00A0C91BC942}") = "Hazel", "Hazel\Hazel.vcxproj", "{3B31D74E-EFEC-4787-92E2-5A2A96DA2657}"
EndProject
Global
	GlobalSection(SolutionConfigurationPlatforms) = preSolution
		Debug|x64 = Debug|x64
		Release|x64 = Release|x64
	EndGlobalSection
	GlobalSection(ProjectConfigurationPlatforms) = postSolution
		{3B31D74E-EFEC-4787-92E2-5A2A96DA2657}.Debug|x64.ActiveCfg = Debug|x64
		{3B31D74E-EFEC-4787-92E2-5A2A96DA2657}.Debug|x64.Build.0 = Debug|x64
		{3B31D74E-EFEC-4787-92E2-5A2A96DA2657}.Release|x64.ActiveCfg = Release|x64
		{3B31D74E-EFEC-4787-92E2-5A2A96DA2657}.Release|x64.Build.0 = Release|x64
		{C8203624-5FF5-4482-8D31-57656E4D9E2C}.Debug|x64.ActiveCfg = Debug|x64
		{C8203624-5FF5-4482-8D31-57656E4D9E2C}.Debug|x64.Build.0 = Debug|x64
		{C8203624-5FF5-4482-8D31-57656E4D9E2C}.Release|x64.ActiveCfg = Release|x64
		{C8203624-5FF5-4482-8D31-57656E4D9E2C}.Release|x64.Build.0 = Release|x64
	EndGlobalSection
	GlobalSection(SolutionProperties) = preSolution
		HideSolutionNode = FALSE
	EndGlobalSection
	GlobalSection(ExtensibilityGlobals) = postSolution
		SolutionGuid = {4AFF37A2-B9A8-48B6-9BBB-7BB585EDFA33}
	EndGlobalSection
EndGlobal
